github.com/CodeYourFuture/curriculum-labs/common-content v0.0.0-20240102214534-da87149f35af h1:U5+DqmG2dcL2M0mz1j1lGBzvVVCSxxBECUcL0Q8tYy8=
github.com/CodeYourFuture/curriculum-labs/common-content v0.0.0-20240102214534-da87149f35af/go.mod h1:w5rIm9hJlHD+CYpQEVMWE/6WaE/EiLmYVs18Kw/iH0s=
github.com/CodeYourFuture/curriculum-labs/common-theme v0.0.0-20240102214534-da87149f35af h1:FBPrvu2XwQteSgzV7shBu/dJUY+hJtUTT4zSXDSHKRM=
github.com/CodeYourFuture/curriculum-labs/common-theme v0.0.0-20240102214534-da87149f35af/go.mod h1:lWiQfXWr0Uc517tksx7D5p5ZoXo9bxRoJ0or+z9mRyk=
